// !$*UTF8*$!
{
	archiveVersion = 1;
	classes = {
	};
	objectVersion = 50;
	objects = {

/* Begin PBXBuildFile section */
		288F952523B67BCF008D0CA8 /* AppDelegate.swift in Sources */ = {isa = PBXBuildFile; fileRef = 288F952423B67BCF008D0CA8 /* AppDelegate.swift */; };
		288F952723B67BCF008D0CA8 /* SceneDelegate.swift in Sources */ = {isa = PBXBuildFile; fileRef = 288F952623B67BCF008D0CA8 /* SceneDelegate.swift */; };
		288F952923B67BCF008D0CA8 /* ContentView.swift in Sources */ = {isa = PBXBuildFile; fileRef = 288F952823B67BCF008D0CA8 /* ContentView.swift */; };
		288F952B23B67BD5008D0CA8 /* Assets.xcassets in Resources */ = {isa = PBXBuildFile; fileRef = 288F952A23B67BD5008D0CA8 /* Assets.xcassets */; };
		288F952E23B67BD5008D0CA8 /* Preview Assets.xcassets in Resources */ = {isa = PBXBuildFile; fileRef = 288F952D23B67BD5008D0CA8 /* Preview Assets.xcassets */; };
		288F953123B67BD5008D0CA8 /* LaunchScreen.storyboard in Resources */ = {isa = PBXBuildFile; fileRef = 288F952F23B67BD5008D0CA8 /* LaunchScreen.storyboard */; };
/* End PBXBuildFile section */

/* Begin PBXFileReference section */
		288F952123B67BCF008D0CA8 /* MovieTrailer.app */ = {isa = PBXFileReference; explicitFileType = wrapper.application; includeInIndex = 0; path = MovieTrailer.app; sourceTree = BUILT_PRODUCTS_DIR; };
		288F952423B67BCF008D0CA8 /* AppDelegate.swift */ = {isa = PBXFileReference; lastKnownFileType = sourcecode.swift; path = AppDelegate.swift; sourceTree = "<group>"; };
		288F952623B67BCF008D0CA8 /* SceneDelegate.swift */ = {isa = PBXFileReference; lastKnownFileType = sourcecode.swift; path = SceneDelegate.swift; sourceTree = "<group>"; };
		288F952823B67BCF008D0CA8 /* ContentView.swift */ = {isa = PBXFileReference; lastKnownFileType = sourcecode.swift; path = ContentView.swift; sourceTree = "<group>"; };
		288F952A23B67BD5008D0CA8 /* Assets.xcassets */ = {isa = PBXFileReference; lastKnownFileType = folder.assetcatalog; path = Assets.xcassets; sourceTree = "<group>"; };
		288F952D23B67BD5008D0CA8 /* Preview Assets.xcassets */ = {isa = PBXFileReference; lastKnownFileType = folder.assetcatalog; path = "Preview Assets.xcassets"; sourceTree = "<group>"; };
		288F953023B67BD5008D0CA8 /* Base */ = {isa = PBXFileReference; lastKnownFileType = file.storyboard; name = Base; path = Base.lproj/LaunchScreen.storyboard; sourceTree = "<group>"; };
		288F953223B67BD5008D0CA8 /* Info.plist */ = {isa = PBXFileReference; lastKnownFileType = text.plist.xml; path = Info.plist; sourceTree = "<group>"; };
/* End PBXFileReference section */

/* Begin PBXFrameworksBuildPhase section */
		288F951E23B67BCF008D0CA8 /* Frameworks */ = {
			isa = PBXFrameworksBuildPhase;
			buildActionMask = 2147483647;
			files = (
			);
			runOnlyForDeploymentPostprocessing = 0;
		};
/* End PBXFrameworksBuildPhase section */

/* Begin PBXGroup section */
		288F951823B67BCF008D0CA8 = {
			isa = PBXGroup;
			children = (
				288F952323B67BCF008D0CA8 /* MovieTrailer */,
				288F952223B67BCF008D0CA8 /* Products */,
			);
			sourceTree = "<group>";
		};
		288F952223B67BCF008D0CA8 /* Products */ = {
			isa = PBXGroup;
			children = (
				288F952123B67BCF008D0CA8 /* MovieTrailer.app */,
			);
			name = Products;
			sourceTree = "<group>";
		};
		288F952323B67BCF008D0CA8 /* MovieTrailer */ = {
			isa = PBXGroup;
			children = (
				288F952423B67BCF008D0CA8 /* AppDelegate.swift */,
				288F952623B67BCF008D0CA8 /* SceneDelegate.swift */,
				288F952823B67BCF008D0CA8 /* ContentView.swift */,
				288F952A23B67BD5008D0CA8 /* Assets.xcassets */,
				288F952F23B67BD5008D0CA8 /* LaunchScreen.storyboard */,
				288F953223B67BD5008D0CA8 /* Info.plist */,
				288F952C23B67BD5008D0CA8 /* Preview Content */,
			);
			path = MovieTrailer;
			sourceTree = "<group>";
		};
		288F952C23B67BD5008D0CA8 /* Preview Content */ = {
			isa = PBXGroup;
			children = (
				288F952D23B67BD5008D0CA8 /* Preview Assets.xcassets */,
			);
			path = "Preview Content";
			sourceTree = "<group>";
		};
/* End PBXGroup section */

/* Begin PBXNativeTarget section */
		288F952023B67BCF008D0CA8 /* MovieTrailer */ = {
			isa = PBXNativeTarget;
			buildConfigurationList = 288F953523B67BD5008D0CA8 /* Build configuration list for PBXNativeTarget "MovieTrailer" */;
			buildPhases = (
				288F951D23B67BCF008D0CA8 /* Sources */,
				288F951E23B67BCF008D0CA8 /* Frameworks */,
				288F951F23B67BCF008D0CA8 /* Resources */,
			);
			buildRules = (
			);
			dependencies = (
			);
			name = MovieTrailer;
			productName = MovieTrailer;
			productReference = 288F952123B67BCF008D0CA8 /* MovieTrailer.app */;
			productType = "com.apple.product-type.application";
		};
/* End PBXNativeTarget section */

/* Begin PBXProject section */
		288F951923B67BCF008D0CA8 /* Project object */ = {
			isa = PBXProject;
			attributes = {
				LastSwiftUpdateCheck = 1130;
				LastUpgradeCheck = 1130;
				ORGANIZATIONNAME = Nomizo;
				TargetAttributes = {
					288F952023B67BCF008D0CA8 = {
						CreatedOnToolsVersion = 11.3;
					};
				};
			};
			buildConfigurationList = 288F951C23B67BCF008D0CA8 /* Build configuration list for PBXProject "MovieTrailer" */;
			compatibilityVersion = "Xcode 9.3";
			developmentRegion = en;
			hasScannedForEncodings = 0;
			knownRegions = (
				en,
				Base,
			);
			mainGroup = 288F951823B67BCF008D0CA8;
			productRefGroup = 288F952223B67BCF008D0CA8 /* Products */;
			projectDirPath = "";
			projectRoot = "";
			targets = (
				288F952023B67BCF008D0CA8 /* MovieTrailer */,
			);
		};
/* End PBXProject section */

/* Begin PBXResourcesBuildPhase section */
		288F951F23B67BCF008D0CA8 /* Resources */ = {
			isa = PBXResourcesBuildPhase;
			buildActionMask = 2147483647;
			files = (
				288F953123B67BD5008D0CA8 /* LaunchScreen.storyboard in Resources */,
				288F952E23B67BD5008D0CA8 /* Preview Assets.xcassets in Resources */,
				288F952B23B67BD5008D0CA8 /* Assets.xcassets in Resources */,
			);
			runOnlyForDeploymentPostprocessing = 0;
		};
/* End PBXResourcesBuildPhase section */

/* Begin PBXSourcesBuildPhase section */
		288F951D23B67BCF008D0CA8 /* Sources */ = {
			isa = PBXSourcesBuildPhase;
			buildActionMask = 2147483647;
			files = (
				288F952523B67BCF008D0CA8 /* AppDelegate.swift in Sources */,
				288F952723B67BCF008D0CA8 /* SceneDelegate.swift in Sources */,
				288F952923B67BCF008D0CA8 /* ContentView.swift in Sources */,
			);
			runOnlyForDeploymentPostprocessing = 0;
		};
/* End PBXSourcesBuildPhase section */

/* Begin PBXVariantGroup section */
		288F952F23B67BD5008D0CA8 /* LaunchScreen.storyboard */ = {
			isa = PBXVariantGroup;
			children = (
				288F953023B67BD5008D0CA8 /* Base */,
			);
			name = LaunchScreen.storyboard;
			sourceTree = "<group>";
		};
/* End PBXVariantGroup section */

/* Begin XCBuildConfiguration section */
		288F953323B67BD5008D0CA8 /* Debug */ = {
			isa = XCBuildConfiguration;
			buildSettings = {
				ALWAYS_SEARCH_USER_PATHS = NO;
				CLANG_ANALYZER_NONNULL = YES;
				CLANG_ANALYZER_NUMBER_OBJECT_CONVERSION = YES_AGGRESSIVE;
				CLANG_CXX_LANGUAGE_STANDARD = "gnu++14";
				CLANG_CXX_LIBRARY = "libc++";
				CLANG_ENABLE_MODULES = YES;
				CLANG_ENABLE_OBJC_ARC = YES;
				CLANG_ENABLE_OBJC_WEAK = YES;
				CLANG_WARN_BLOCK_CAPTURE_AUTORELEASING = YES;
				CLANG_WARN_BOOL_CONVERSION = YES;
				CLANG_WARN_COMMA = YES;
				CLANG_WARN_CONSTANT_CONVERSION = YES;
				CLANG_WARN_DEPRECATED_OBJC_IMPLEMENTATIONS = YES;
				CLANG_WARN_DIRECT_OBJC_ISA_USAGE = YES_ERROR;
				CLANG_WARN_DOCUMENTATION_COMMENTS = YES;
				CLANG_WARN_EMPTY_BODY = YES;
				CLANG_WARN_ENUM_CONVERSION = YES;
				CLANG_WARN_INFINITE_RECURSION = YES;
				CLANG_WARN_INT_CONVERSION = YES;
				CLANG_WARN_NON_LITERAL_NULL_CONVERSION = YES;
				CLANG_WARN_OBJC_IMPLICIT_RETAIN_SELF = YES;
				CLANG_WARN_OBJC_LITERAL_CONVERSION = YES;
				CLANG_WARN_OBJC_ROOT_CLASS = YES_ERROR;
				CLANG_WARN_RANGE_LOOP_ANALYSIS = YES;
				CLANG_WARN_STRICT_PROTOTYPES = YES;
				CLANG_WARN_SUSPICIOUS_MOVE = YES;
				CLANG_WARN_UNGUARDED_AVAILABILITY = YES_AGGRESSIVE;
				CLANG_WARN_UNREACHABLE_CODE = YES;
				CLANG_WARN__DUPLICATE_METHOD_MATCH = YES;
				COPY_PHASE_STRIP = NO;
				DEBUG_INFORMATION_FORMAT = dwarf;
				ENABLE_STRICT_OBJC_MSGSEND = YES;
				ENABLE_TESTABILITY = YES;
				GCC_C_LANGUAGE_STANDARD = gnu11;
				GCC_DYNAMIC_NO_PIC = NO;
				GCC_NO_COMMON_BLOCKS = YES;
				GCC_OPTIMIZATION_LEVEL = 0;
				GCC_PREPROCESSOR_DEFINITIONS = (
					"DEBUG=1",
					"$(inherited)",
				);
				GCC_WARN_64_TO_32_BIT_CONVERSION = YES;
				GCC_WARN_ABOUT_RETURN_TYPE = YES_ERROR;
				GCC_WARN_UNDECLARED_SELECTOR = YES;
				GCC_WARN_UNINITIALIZED_AUTOS = YES_AGGRESSIVE;
				GCC_WARN_UNUSED_FUNCTION = YES;
				GCC_WARN_UNUSED_VARIABLE = YES;
				IPHONEOS_DEPLOYMENT_TARGET = 13.2;
				MTL_ENABLE_DEBUG_INFO = INCLUDE_SOURCE;
				MTL_FAST_MATH = YES;
				ONLY_ACTIVE_ARCH = YES;
				SDKROOT = iphoneos;
				SWIFT_ACTIVE_COMPILATION_CONDITIONS = DEBUG;
				SWIFT_OPTIMIZATION_LEVEL = "-Onone";
			};
			name = Debug;
		};
		288F953423B67BD5008D0CA8 /* Release */ = {
			isa = XCBuildConfiguration;
			buildSettings = {
				ALWAYS_SEARCH_USER_PATHS = NO;
				CLANG_ANALYZER_NONNULL = YES;
				CLANG_ANALYZER_NUMBER_OBJECT_CONVERSION = YES_AGGRESSIVE;
				CLANG_CXX_LANGUAGE_STANDARD = "gnu++14";
				CLANG_CXX_LIBRARY = "libc++";
				CLANG_ENABLE_MODULES = YES;
				CLANG_ENABLE_OBJC_ARC = YES;
				CLANG_ENABLE_OBJC_WEAK = YES;
				CLANG_WARN_BLOCK_CAPTURE_AUTORELEASING = YES;
				CLANG_WARN_BOOL_CONVERSION = YES;
				CLANG_WARN_COMMA = YES;
				CLANG_WARN_CONSTANT_CONVERSION = YES;
				CLANG_WARN_DEPRECATED_OBJC_IMPLEMENTATIONS = YES;
				CLANG_WARN_DIRECT_OBJC_ISA_USAGE = YES_ERROR;
				CLANG_WARN_DOCUMENTATION_COMMENTS = YES;
				CLANG_WARN_EMPTY_BODY = YES;
				CLANG_WARN_ENUM_CONVERSION = YES;
				CLANG_WARN_INFINITE_RECURSION = YES;
				CLANG_WARN_INT_CONVERSION = YES;
				CLANG_WARN_NON_LITERAL_NULL_CONVERSION = YES;
				CLANG_WARN_OBJC_IMPLICIT_RETAIN_SELF = YES;
				CLANG_WARN_OBJC_LITERAL_CONVERSION = YES;
				CLANG_WARN_OBJC_ROOT_CLASS = YES_ERROR;
				CLANG_WARN_RANGE_LOOP_ANALYSIS = YES;
				CLANG_WARN_STRICT_PROTOTYPES = YES;
				CLANG_WARN_SUSPICIOUS_MOVE = YES;
				CLANG_WARN_UNGUARDED_AVAILABILITY = YES_AGGRESSIVE;
				CLANG_WARN_UNREACHABLE_CODE = YES;
				CLANG_WARN__DUPLICATE_METHOD_MATCH = YES;
				COPY_PHASE_STRIP = NO;
				DEBUG_INFORMATION_FORMAT = "dwarf-with-dsym";
				ENABLE_NS_ASSERTIONS = NO;
				ENABLE_STRICT_OBJC_MSGSEND = YES;
				GCC_C_LANGUAGE_STANDARD = gnu11;
				GCC_NO_COMMON_BLOCKS = YES;
				GCC_WARN_64_TO_32_BIT_CONVERSION = YES;
				GCC_WARN_ABOUT_RETURN_TYPE = YES_ERROR;
				GCC_WARN_UNDECLARED_SELECTOR = YES;
				GCC_WARN_UNINITIALIZED_AUTOS = YES_AGGRESSIVE;
				GCC_WARN_UNUSED_FUNCTION = YES;
				GCC_WARN_UNUSED_VARIABLE = YES;
				IPHONEOS_DEPLOYMENT_TARGET = 13.2;
				MTL_ENABLE_DEBUG_INFO = NO;
				MTL_FAST_MATH = YES;
				SDKROOT = iphoneos;
				SWIFT_COMPILATION_MODE = wholemodule;
				SWIFT_OPTIMIZATION_LEVEL = "-O";
				VALIDATE_PRODUCT = YES;
			};
			name = Release;
		};
		288F953623B67BD5008D0CA8 /* Debug */ = {
			isa = XCBuildConfiguration;
			buildSettings = {
				ASSETCATALOG_COMPILER_APPICON_NAME = AppIcon;
				CODE_SIGN_STYLE = Automatic;
				DEVELOPMENT_ASSET_PATHS = "\"MovieTrailer/Preview Content\"";
				DEVELOPMENT_TEAM = Z6KWDWLUK5;
				ENABLE_PREVIEWS = YES;
				INFOPLIST_FILE = MovieTrailer/Info.plist;
				LD_RUNPATH_SEARCH_PATHS = (
					"$(inherited)",
					"@executable_path/Frameworks",
				);
				PRODUCT_BUNDLE_IDENTIFIER = com.nomizo.MovieTrailer;
				PRODUCT_NAME = "$(TARGET_NAME)";
				SWIFT_VERSION = 5.0;
				TARGETED_DEVICE_FAMILY = "1,2";
			};
			name = Debug;
		};
		288F953723B67BD5008D0CA8 /* Release */ = {
			isa = XCBuildConfiguration;
			buildSettings = {
				ASSETCATALOG_COMPILER_APPICON_NAME = AppIcon;
				CODE_SIGN_STYLE = Automatic;
				DEVELOPMENT_ASSET_PATHS = "\"MovieTrailer/Preview Content\"";
				DEVELOPMENT_TEAM = Z6KWDWLUK5;
				ENABLE_PREVIEWS = YES;
				INFOPLIST_FILE = MovieTrailer/Info.plist;
				LD_RUNPATH_SEARCH_PATHS = (
					"$(inherited)",
					"@executable_path/Frameworks",
				);
				PRODUCT_BUNDLE_IDENTIFIER = com.nomizo.MovieTrailer;
				PRODUCT_NAME = "$(TARGET_NAME)";
				SWIFT_VERSION = 5.0;
				TARGETED_DEVICE_FAMILY = "1,2";
			};
			name = Release;
		};
/* End XCBuildConfiguration section */

/* Begin XCConfigurationList section */
		288F951C23B67BCF008D0CA8 /* Build configuration list for PBXProject "MovieTrailer" */ = {
			isa = XCConfigurationList;
			buildConfigurations = (
				288F953323B67BD5008D0CA8 /* Debug */,
				288F953423B67BD5008D0CA8 /* Release */,
			);
			defaultConfigurationIsVisible = 0;
			defaultConfigurationName = Release;
		};
		288F953523B67BD5008D0CA8 /* Build configuration list for PBXNativeTarget "MovieTrailer" */ = {
			isa = XCConfigurationList;
			buildConfigurations = (
				288F953623B67BD5008D0CA8 /* Debug */,
				288F953723B67BD5008D0CA8 /* Release */,
			);
			defaultConfigurationIsVisible = 0;
			defaultConfigurationName = Release;
		};
/* End XCConfigurationList section */
	};
	rootObject = 288F951923B67BCF008D0CA8 /* Project object */;
}
